// !$*UTF8*$!
{
	archiveVersion = 1;
	classes = {
	};
	objectVersion = 46;
	objects = {

/* Begin PBXBuildFile section */
		7F9EC6CB16B1D42200F6D45C /* libRestKit.a in Frameworks */ = {isa = PBXBuildFile; fileRef = 7F9EC6A316B1D30A00F6D45C /* libRestKit.a */; };
		8401D24716B9604000FC69EB /* refreshButton.png in Resources */ = {isa = PBXBuildFile; fileRef = 8401D24616B9604000FC69EB /* refreshButton.png */; };
		8414A18316B02CED00E0041A /* RRAllNewsCell.m in Sources */ = {isa = PBXBuildFile; fileRef = 8414A18216B02CED00E0041A /* RRAllNewsCell.m */; };
		8414B85C16A065FF005C3C70 /* UIKit.framework in Frameworks */ = {isa = PBXBuildFile; fileRef = 8414B85B16A065FF005C3C70 /* UIKit.framework */; };
		8414B85E16A065FF005C3C70 /* Foundation.framework in Frameworks */ = {isa = PBXBuildFile; fileRef = 8414B85D16A065FF005C3C70 /* Foundation.framework */; };
		8414B86016A065FF005C3C70 /* CoreGraphics.framework in Frameworks */ = {isa = PBXBuildFile; fileRef = 8414B85F16A065FF005C3C70 /* CoreGraphics.framework */; };
		8414B86616A065FF005C3C70 /* InfoPlist.strings in Resources */ = {isa = PBXBuildFile; fileRef = 8414B86416A065FF005C3C70 /* InfoPlist.strings */; };
		8414B86816A065FF005C3C70 /* main.m in Sources */ = {isa = PBXBuildFile; fileRef = 8414B86716A065FF005C3C70 /* main.m */; };
		8414B86E16A065FF005C3C70 /* Default.png in Resources */ = {isa = PBXBuildFile; fileRef = 8414B86D16A065FF005C3C70 /* Default.png */; };
		8414B87016A065FF005C3C70 /* Default@2x.png in Resources */ = {isa = PBXBuildFile; fileRef = 8414B86F16A065FF005C3C70 /* Default@2x.png */; };
		8414B87216A065FF005C3C70 /* Default-568h@2x.png in Resources */ = {isa = PBXBuildFile; fileRef = 8414B87116A065FF005C3C70 /* Default-568h@2x.png */; };
		8414B87516A065FF005C3C70 /* MainStoryboard.storyboard in Resources */ = {isa = PBXBuildFile; fileRef = 8414B87316A065FF005C3C70 /* MainStoryboard.storyboard */; };
		8414B88216A06668005C3C70 /* RRAppDelegate.m in Sources */ = {isa = PBXBuildFile; fileRef = 8414B88116A06668005C3C70 /* RRAppDelegate.m */; };
		8417119416B2C7ED0015698B /* RRCoreDataSupport.m in Sources */ = {isa = PBXBuildFile; fileRef = 8417119316B2C7ED0015698B /* RRCoreDataSupport.m */; };
		841975C716A96BE200DBB9E7 /* RRRootResponseObjectMapping.m in Sources */ = {isa = PBXBuildFile; fileRef = 841975B716A96BE200DBB9E7 /* RRRootResponseObjectMapping.m */; };
		841975C816A96BE200DBB9E7 /* RRFeedObjectMapping.m in Sources */ = {isa = PBXBuildFile; fileRef = 841975BA16A96BE200DBB9E7 /* RRFeedObjectMapping.m */; };
		841975C916A96BE200DBB9E7 /* RRNewDetailObjectMapping.m in Sources */ = {isa = PBXBuildFile; fileRef = 841975BD16A96BE200DBB9E7 /* RRNewDetailObjectMapping.m */; };
		841975CA16A96BE200DBB9E7 /* RRSiteInfoObjectMapping.m in Sources */ = {isa = PBXBuildFile; fileRef = 841975C016A96BE200DBB9E7 /* RRSiteInfoObjectMapping.m */; };
		841975CC16A96BE200DBB9E7 /* RRServerGateway.m in Sources */ = {isa = PBXBuildFile; fileRef = 841975C616A96BE200DBB9E7 /* RRServerGateway.m */; };
		841975D116A96C3100DBB9E7 /* RRAlertViewBlock.m in Sources */ = {isa = PBXBuildFile; fileRef = 841975D016A96C3100DBB9E7 /* RRAlertViewBlock.m */; };
		841975E216A96C6000DBB9E7 /* RRAllNewsDataSourceItem.m in Sources */ = {isa = PBXBuildFile; fileRef = 841975D616A96C6000DBB9E7 /* RRAllNewsDataSourceItem.m */; };
		841975E316A96C6000DBB9E7 /* RRAllNewsVC.m in Sources */ = {isa = PBXBuildFile; fileRef = 841975D816A96C6000DBB9E7 /* RRAllNewsVC.m */; };
		841975E416A96C6000DBB9E7 /* RRFavouriteNewsVC.m in Sources */ = {isa = PBXBuildFile; fileRef = 841975DB16A96C6000DBB9E7 /* RRFavouriteNewsVC.m */; };
		841975E516A96C6000DBB9E7 /* RRSavedNewsVC.m in Sources */ = {isa = PBXBuildFile; fileRef = 841975DE16A96C6000DBB9E7 /* RRSavedNewsVC.m */; };
		841975E616A96C6000DBB9E7 /* RRSettingsVC.m in Sources */ = {isa = PBXBuildFile; fileRef = 841975E116A96C6000DBB9E7 /* RRSettingsVC.m */; };
		8434DA8616D37C890087BBFB /* SiteContent.m in Sources */ = {isa = PBXBuildFile; fileRef = 8434DA8516D37C890087BBFB /* SiteContent.m */; };
		8434DA8916D37C890087BBFB /* SiteInfo.m in Sources */ = {isa = PBXBuildFile; fileRef = 8434DA8816D37C890087BBFB /* SiteInfo.m */; };
		8434DA8C16D37C890087BBFB /* SavedNews.m in Sources */ = {isa = PBXBuildFile; fileRef = 8434DA8B16D37C890087BBFB /* SavedNews.m */; };
		8434DA8F16D37C890087BBFB /* FavouriteNewsInfo.m in Sources */ = {isa = PBXBuildFile; fileRef = 8434DA8E16D37C890087BBFB /* FavouriteNewsInfo.m */; };
		844D13DE16AEA3CD00FAF33C /* Model.xcdatamodeld in Sources */ = {isa = PBXBuildFile; fileRef = 844D13DC16AEA3CD00FAF33C /* Model.xcdatamodeld */; };
		8453907716D6352C000B49A8 /* RRSiteSettingsVC.m in Sources */ = {isa = PBXBuildFile; fileRef = 8453907616D6352C000B49A8 /* RRSiteSettingsVC.m */; };
		8457C9A116AD87EE0094C164 /* CFNetwork.framework in Frameworks */ = {isa = PBXBuildFile; fileRef = 8457C9A016AD87EE0094C164 /* CFNetwork.framework */; };
		8457C9A316AD880A0094C164 /* Security.framework in Frameworks */ = {isa = PBXBuildFile; fileRef = 8457C9A216AD880A0094C164 /* Security.framework */; };
		847D906216AED48B0089B055 /* RRManagedObjectContext.m in Sources */ = {isa = PBXBuildFile; fileRef = 847D906116AED48B0089B055 /* RRManagedObjectContext.m */; };
		84C4B8BB16B2CE6500B4A645 /* RRTableViewCellSupport.m in Sources */ = {isa = PBXBuildFile; fileRef = 8417119116B2C7B90015698B /* RRTableViewCellSupport.m */; };
		84DEADE916CA4D1400EDBCF1 /* RRWebViewVC.m in Sources */ = {isa = PBXBuildFile; fileRef = 84DEADE816CA4D1400EDBCF1 /* RRWebViewVC.m */; };
		84E6EB5516D220D5005AA21F /* path3794.png in Resources */ = {isa = PBXBuildFile; fileRef = 84E6EB5416D220D5005AA21F /* path3794.png */; };
		84F39C8516A5925900B08475 /* SystemConfiguration.framework in Frameworks */ = {isa = PBXBuildFile; fileRef = 84F39C8416A5925900B08475 /* SystemConfiguration.framework */; };
		84F39C8716A5926500B08475 /* CoreData.framework in Frameworks */ = {isa = PBXBuildFile; fileRef = 84F39C8616A5926500B08475 /* CoreData.framework */; };
		84F39C8916A5926F00B08475 /* MobileCoreServices.framework in Frameworks */ = {isa = PBXBuildFile; fileRef = 84F39C8816A5926F00B08475 /* MobileCoreServices.framework */; };
/* End PBXBuildFile section */

/* Begin PBXContainerItemProxy section */
		7F9EC6A216B1D30A00F6D45C /* PBXContainerItemProxy */ = {
			isa = PBXContainerItemProxy;
			containerPortal = 7F9EC41516B1D30900F6D45C /* RestKit.xcodeproj */;
			proxyType = 2;
			remoteGlobalIDString = 25160D1614564E810060A5C5;
			remoteInfo = RestKit;
		};
		7F9EC6A416B1D30A00F6D45C /* PBXContainerItemProxy */ = {
			isa = PBXContainerItemProxy;
			containerPortal = 7F9EC41516B1D30900F6D45C /* RestKit.xcodeproj */;
			proxyType = 2;
			remoteGlobalIDString = 25160D2614564E820060A5C5;
			remoteInfo = RestKitTests;
		};
		7F9EC6A616B1D30A00F6D45C /* PBXContainerItemProxy */ = {
			isa = PBXContainerItemProxy;
			containerPortal = 7F9EC41516B1D30900F6D45C /* RestKit.xcodeproj */;
			proxyType = 2;
			remoteGlobalIDString = 25160E62145651060060A5C5;
			remoteInfo = RestKitFramework;
		};
		7F9EC6A816B1D30A00F6D45C /* PBXContainerItemProxy */ = {
			isa = PBXContainerItemProxy;
			containerPortal = 7F9EC41516B1D30900F6D45C /* RestKit.xcodeproj */;
			proxyType = 2;
			remoteGlobalIDString = 25160E78145651060060A5C5;
			remoteInfo = RestKitFrameworkTests;
		};
		7F9EC6C916B1D32B00F6D45C /* PBXContainerItemProxy */ = {
			isa = PBXContainerItemProxy;
			containerPortal = 7F9EC41516B1D30900F6D45C /* RestKit.xcodeproj */;
			proxyType = 1;
			remoteGlobalIDString = 25160D1514564E810060A5C5;
			remoteInfo = RestKit;
		};
/* End PBXContainerItemProxy section */

/* Begin PBXFileReference section */
		7F9EC41516B1D30900F6D45C /* RestKit.xcodeproj */ = {isa = PBXFileReference; lastKnownFileType = "wrapper.pb-project"; path = RestKit.xcodeproj; sourceTree = "<group>"; };
		8401D24616B9604000FC69EB /* refreshButton.png */ = {isa = PBXFileReference; lastKnownFileType = image.png; path = refreshButton.png; sourceTree = "<group>"; };
		8414A18116B02CED00E0041A /* RRAllNewsCell.h */ = {isa = PBXFileReference; fileEncoding = 4; lastKnownFileType = sourcecode.c.h; path = RRAllNewsCell.h; sourceTree = "<group>"; };
		8414A18216B02CED00E0041A /* RRAllNewsCell.m */ = {isa = PBXFileReference; fileEncoding = 4; lastKnownFileType = sourcecode.c.objc; path = RRAllNewsCell.m; sourceTree = "<group>"; };
		8414B85716A065FF005C3C70 /* RSSReader.app */ = {isa = PBXFileReference; explicitFileType = wrapper.application; includeInIndex = 0; path = RSSReader.app; sourceTree = BUILT_PRODUCTS_DIR; };
		8414B85B16A065FF005C3C70 /* UIKit.framework */ = {isa = PBXFileReference; lastKnownFileType = wrapper.framework; name = UIKit.framework; path = System/Library/Frameworks/UIKit.framework; sourceTree = SDKROOT; };
		8414B85D16A065FF005C3C70 /* Foundation.framework */ = {isa = PBXFileReference; lastKnownFileType = wrapper.framework; name = Foundation.framework; path = System/Library/Frameworks/Foundation.framework; sourceTree = SDKROOT; };
		8414B85F16A065FF005C3C70 /* CoreGraphics.framework */ = {isa = PBXFileReference; lastKnownFileType = wrapper.framework; name = CoreGraphics.framework; path = System/Library/Frameworks/CoreGraphics.framework; sourceTree = SDKROOT; };
		8414B86316A065FF005C3C70 /* RSSReader-Info.plist */ = {isa = PBXFileReference; lastKnownFileType = text.plist.xml; path = "RSSReader-Info.plist"; sourceTree = "<group>"; };
		8414B86516A065FF005C3C70 /* en */ = {isa = PBXFileReference; lastKnownFileType = text.plist.strings; name = en; path = en.lproj/InfoPlist.strings; sourceTree = "<group>"; };
		8414B86716A065FF005C3C70 /* main.m */ = {isa = PBXFileReference; lastKnownFileType = sourcecode.c.objc; path = main.m; sourceTree = "<group>"; };
		8414B86916A065FF005C3C70 /* RSSReader-Prefix.pch */ = {isa = PBXFileReference; lastKnownFileType = sourcecode.c.h; path = "RSSReader-Prefix.pch"; sourceTree = "<group>"; };
		8414B86D16A065FF005C3C70 /* Default.png */ = {isa = PBXFileReference; lastKnownFileType = image.png; path = Default.png; sourceTree = "<group>"; };
		8414B86F16A065FF005C3C70 /* Default@2x.png */ = {isa = PBXFileReference; lastKnownFileType = image.png; path = "Default@2x.png"; sourceTree = "<group>"; };
		8414B87116A065FF005C3C70 /* Default-568h@2x.png */ = {isa = PBXFileReference; lastKnownFileType = image.png; path = "Default-568h@2x.png"; sourceTree = "<group>"; };
		8414B87416A065FF005C3C70 /* en */ = {isa = PBXFileReference; lastKnownFileType = file.storyboard; name = en; path = en.lproj/MainStoryboard.storyboard; sourceTree = "<group>"; };
		8414B88016A06668005C3C70 /* RRAppDelegate.h */ = {isa = PBXFileReference; fileEncoding = 4; lastKnownFileType = sourcecode.c.h; path = RRAppDelegate.h; sourceTree = "<group>"; };
		8414B88116A06668005C3C70 /* RRAppDelegate.m */ = {isa = PBXFileReference; fileEncoding = 4; lastKnownFileType = sourcecode.c.objc; path = RRAppDelegate.m; sourceTree = "<group>"; };
		8417119016B2C7B90015698B /* RRTableViewCellSupport.h */ = {isa = PBXFileReference; lastKnownFileType = sourcecode.c.h; path = RRTableViewCellSupport.h; sourceTree = "<group>"; };
		8417119116B2C7B90015698B /* RRTableViewCellSupport.m */ = {isa = PBXFileReference; lastKnownFileType = sourcecode.c.objc; path = RRTableViewCellSupport.m; sourceTree = "<group>"; };
		8417119216B2C7ED0015698B /* RRCoreDataSupport.h */ = {isa = PBXFileReference; fileEncoding = 4; lastKnownFileType = sourcecode.c.h; path = RRCoreDataSupport.h; sourceTree = "<group>"; };
		8417119316B2C7ED0015698B /* RRCoreDataSupport.m */ = {isa = PBXFileReference; fileEncoding = 4; lastKnownFileType = sourcecode.c.objc; path = RRCoreDataSupport.m; sourceTree = "<group>"; };
		841975B616A96BE200DBB9E7 /* RRRootResponseObjectMapping.h */ = {isa = PBXFileReference; fileEncoding = 4; lastKnownFileType = sourcecode.c.h; path = RRRootResponseObjectMapping.h; sourceTree = "<group>"; };
		841975B716A96BE200DBB9E7 /* RRRootResponseObjectMapping.m */ = {isa = PBXFileReference; fileEncoding = 4; lastKnownFileType = sourcecode.c.objc; path = RRRootResponseObjectMapping.m; sourceTree = "<group>"; };
		841975B916A96BE200DBB9E7 /* RRFeedObjectMapping.h */ = {isa = PBXFileReference; fileEncoding = 4; lastKnownFileType = sourcecode.c.h; path = RRFeedObjectMapping.h; sourceTree = "<group>"; };
		841975BA16A96BE200DBB9E7 /* RRFeedObjectMapping.m */ = {isa = PBXFileReference; fileEncoding = 4; lastKnownFileType = sourcecode.c.objc; path = RRFeedObjectMapping.m; sourceTree = "<group>"; };
		841975BC16A96BE200DBB9E7 /* RRNewDetailObjectMapping.h */ = {isa = PBXFileReference; fileEncoding = 4; lastKnownFileType = sourcecode.c.h; path = RRNewDetailObjectMapping.h; sourceTree = "<group>"; };
		841975BD16A96BE200DBB9E7 /* RRNewDetailObjectMapping.m */ = {isa = PBXFileReference; fileEncoding = 4; lastKnownFileType = sourcecode.c.objc; path = RRNewDetailObjectMapping.m; sourceTree = "<group>"; };
		841975BF16A96BE200DBB9E7 /* RRSiteInfoObjectMapping.h */ = {isa = PBXFileReference; fileEncoding = 4; lastKnownFileType = sourcecode.c.h; path = RRSiteInfoObjectMapping.h; sourceTree = "<group>"; };
		841975C016A96BE200DBB9E7 /* RRSiteInfoObjectMapping.m */ = {isa = PBXFileReference; fileEncoding = 4; lastKnownFileType = sourcecode.c.objc; path = RRSiteInfoObjectMapping.m; sourceTree = "<group>"; };
		841975C516A96BE200DBB9E7 /* RRServerGateway.h */ = {isa = PBXFileReference; fileEncoding = 4; lastKnownFileType = sourcecode.c.h; path = RRServerGateway.h; sourceTree = "<group>"; };
		841975C616A96BE200DBB9E7 /* RRServerGateway.m */ = {isa = PBXFileReference; fileEncoding = 4; lastKnownFileType = sourcecode.c.objc; path = RRServerGateway.m; sourceTree = "<group>"; };
		841975CF16A96C3100DBB9E7 /* RRAlertViewBlock.h */ = {isa = PBXFileReference; fileEncoding = 4; lastKnownFileType = sourcecode.c.h; path = RRAlertViewBlock.h; sourceTree = "<group>"; };
		841975D016A96C3100DBB9E7 /* RRAlertViewBlock.m */ = {isa = PBXFileReference; fileEncoding = 4; lastKnownFileType = sourcecode.c.objc; path = RRAlertViewBlock.m; sourceTree = "<group>"; };
		841975D516A96C6000DBB9E7 /* RRAllNewsDataSourceItem.h */ = {isa = PBXFileReference; fileEncoding = 4; lastKnownFileType = sourcecode.c.h; path = RRAllNewsDataSourceItem.h; sourceTree = "<group>"; };
		841975D616A96C6000DBB9E7 /* RRAllNewsDataSourceItem.m */ = {isa = PBXFileReference; fileEncoding = 4; lastKnownFileType = sourcecode.c.objc; path = RRAllNewsDataSourceItem.m; sourceTree = "<group>"; };
		841975D716A96C6000DBB9E7 /* RRAllNewsVC.h */ = {isa = PBXFileReference; fileEncoding = 4; lastKnownFileType = sourcecode.c.h; path = RRAllNewsVC.h; sourceTree = "<group>"; };
		841975D816A96C6000DBB9E7 /* RRAllNewsVC.m */ = {isa = PBXFileReference; fileEncoding = 4; lastKnownFileType = sourcecode.c.objc; path = RRAllNewsVC.m; sourceTree = "<group>"; };
		841975DA16A96C6000DBB9E7 /* RRFavouriteNewsVC.h */ = {isa = PBXFileReference; fileEncoding = 4; lastKnownFileType = sourcecode.c.h; path = RRFavouriteNewsVC.h; sourceTree = "<group>"; };
		841975DB16A96C6000DBB9E7 /* RRFavouriteNewsVC.m */ = {isa = PBXFileReference; fileEncoding = 4; lastKnownFileType = sourcecode.c.objc; path = RRFavouriteNewsVC.m; sourceTree = "<group>"; };
		841975DD16A96C6000DBB9E7 /* RRSavedNewsVC.h */ = {isa = PBXFileReference; fileEncoding = 4; lastKnownFileType = sourcecode.c.h; path = RRSavedNewsVC.h; sourceTree = "<group>"; };
		841975DE16A96C6000DBB9E7 /* RRSavedNewsVC.m */ = {isa = PBXFileReference; fileEncoding = 4; lastKnownFileType = sourcecode.c.objc; path = RRSavedNewsVC.m; sourceTree = "<group>"; };
		841975E016A96C6000DBB9E7 /* RRSettingsVC.h */ = {isa = PBXFileReference; fileEncoding = 4; lastKnownFileType = sourcecode.c.h; path = RRSettingsVC.h; sourceTree = "<group>"; };
		841975E116A96C6000DBB9E7 /* RRSettingsVC.m */ = {isa = PBXFileReference; fileEncoding = 4; lastKnownFileType = sourcecode.c.objc; path = RRSettingsVC.m; sourceTree = "<group>"; };
		841975F216A96D6E00DBB9E7 /* Support.h */ = {isa = PBXFileReference; lastKnownFileType = sourcecode.c.h; path = Support.h; sourceTree = "<group>"; };
		8434DA8416D37C890087BBFB /* SiteContent.h */ = {isa = PBXFileReference; fileEncoding = 4; lastKnownFileType = sourcecode.c.h; path = SiteContent.h; sourceTree = "<group>"; };
		8434DA8516D37C890087BBFB /* SiteContent.m */ = {isa = PBXFileReference; fileEncoding = 4; lastKnownFileType = sourcecode.c.objc; path = SiteContent.m; sourceTree = "<group>"; };
		8434DA8716D37C890087BBFB /* SiteInfo.h */ = {isa = PBXFileReference; fileEncoding = 4; lastKnownFileType = sourcecode.c.h; path = SiteInfo.h; sourceTree = "<group>"; };
		8434DA8816D37C890087BBFB /* SiteInfo.m */ = {isa = PBXFileReference; fileEncoding = 4; lastKnownFileType = sourcecode.c.objc; path = SiteInfo.m; sourceTree = "<group>"; };
		8434DA8A16D37C890087BBFB /* SavedNews.h */ = {isa = PBXFileReference; fileEncoding = 4; lastKnownFileType = sourcecode.c.h; path = SavedNews.h; sourceTree = "<group>"; };
		8434DA8B16D37C890087BBFB /* SavedNews.m */ = {isa = PBXFileReference; fileEncoding = 4; lastKnownFileType = sourcecode.c.objc; path = SavedNews.m; sourceTree = "<group>"; };
		8434DA8D16D37C890087BBFB /* FavouriteNewsInfo.h */ = {isa = PBXFileReference; fileEncoding = 4; lastKnownFileType = sourcecode.c.h; path = FavouriteNewsInfo.h; sourceTree = "<group>"; };
		8434DA8E16D37C890087BBFB /* FavouriteNewsInfo.m */ = {isa = PBXFileReference; fileEncoding = 4; lastKnownFileType = sourcecode.c.objc; path = FavouriteNewsInfo.m; sourceTree = "<group>"; };
		844D13DD16AEA3CD00FAF33C /* Model.xcdatamodel */ = {isa = PBXFileReference; lastKnownFileType = wrapper.xcdatamodel; path = Model.xcdatamodel; sourceTree = "<group>"; };
		8453907516D6352C000B49A8 /* RRSiteSettingsVC.h */ = {isa = PBXFileReference; fileEncoding = 4; lastKnownFileType = sourcecode.c.h; path = RRSiteSettingsVC.h; sourceTree = "<group>"; };
		8453907616D6352C000B49A8 /* RRSiteSettingsVC.m */ = {isa = PBXFileReference; fileEncoding = 4; lastKnownFileType = sourcecode.c.objc; path = RRSiteSettingsVC.m; sourceTree = "<group>"; };
		8457C9A016AD87EE0094C164 /* CFNetwork.framework */ = {isa = PBXFileReference; lastKnownFileType = wrapper.framework; name = CFNetwork.framework; path = System/Library/Frameworks/CFNetwork.framework; sourceTree = SDKROOT; };
		8457C9A216AD880A0094C164 /* Security.framework */ = {isa = PBXFileReference; lastKnownFileType = wrapper.framework; name = Security.framework; path = System/Library/Frameworks/Security.framework; sourceTree = SDKROOT; };
		847D906016AED48B0089B055 /* RRManagedObjectContext.h */ = {isa = PBXFileReference; fileEncoding = 4; lastKnownFileType = sourcecode.c.h; path = RRManagedObjectContext.h; sourceTree = "<group>"; };
		847D906116AED48B0089B055 /* RRManagedObjectContext.m */ = {isa = PBXFileReference; fileEncoding = 4; lastKnownFileType = sourcecode.c.objc; path = RRManagedObjectContext.m; sourceTree = "<group>"; };
		84DEADE716CA4D1400EDBCF1 /* RRWebViewVC.h */ = {isa = PBXFileReference; fileEncoding = 4; lastKnownFileType = sourcecode.c.h; path = RRWebViewVC.h; sourceTree = "<group>"; };
		84DEADE816CA4D1400EDBCF1 /* RRWebViewVC.m */ = {isa = PBXFileReference; fileEncoding = 4; lastKnownFileType = sourcecode.c.objc; path = RRWebViewVC.m; sourceTree = "<group>"; };
		84E6EB5416D220D5005AA21F /* path3794.png */ = {isa = PBXFileReference; lastKnownFileType = image.png; path = path3794.png; sourceTree = "<group>"; };
		84F39C8416A5925900B08475 /* SystemConfiguration.framework */ = {isa = PBXFileReference; lastKnownFileType = wrapper.framework; name = SystemConfiguration.framework; path = System/Library/Frameworks/SystemConfiguration.framework; sourceTree = SDKROOT; };
		84F39C8616A5926500B08475 /* CoreData.framework */ = {isa = PBXFileReference; lastKnownFileType = wrapper.framework; name = CoreData.framework; path = System/Library/Frameworks/CoreData.framework; sourceTree = SDKROOT; };
		84F39C8816A5926F00B08475 /* MobileCoreServices.framework */ = {isa = PBXFileReference; lastKnownFileType = wrapper.framework; name = MobileCoreServices.framework; path = System/Library/Frameworks/MobileCoreServices.framework; sourceTree = SDKROOT; };
/* End PBXFileReference section */

/* Begin PBXFrameworksBuildPhase section */
		8414B85416A065FF005C3C70 /* Frameworks */ = {
			isa = PBXFrameworksBuildPhase;
			buildActionMask = 2147483647;
			files = (
				7F9EC6CB16B1D42200F6D45C /* libRestKit.a in Frameworks */,
				84F39C8516A5925900B08475 /* SystemConfiguration.framework in Frameworks */,
				8457C9A316AD880A0094C164 /* Security.framework in Frameworks */,
				84F39C8916A5926F00B08475 /* MobileCoreServices.framework in Frameworks */,
				84F39C8716A5926500B08475 /* CoreData.framework in Frameworks */,
				8457C9A116AD87EE0094C164 /* CFNetwork.framework in Frameworks */,
				8414B85C16A065FF005C3C70 /* UIKit.framework in Frameworks */,
				8414B85E16A065FF005C3C70 /* Foundation.framework in Frameworks */,
				8414B86016A065FF005C3C70 /* CoreGraphics.framework in Frameworks */,
			);
			runOnlyForDeploymentPostprocessing = 0;
		};
/* End PBXFrameworksBuildPhase section */

/* Begin PBXGroup section */
		7F9EC2E216B1D30900F6D45C /* ThirdParty */ = {
			isa = PBXGroup;
			children = (
				7F9EC2E316B1D30900F6D45C /* RestKit-0.20.0-pre6 */,
			);
			path = ThirdParty;
			sourceTree = "<group>";
		};
		7F9EC2E316B1D30900F6D45C /* RestKit-0.20.0-pre6 */ = {
			isa = PBXGroup;
			children = (
				7F9EC41516B1D30900F6D45C /* RestKit.xcodeproj */,
			);
			path = "RestKit-0.20.0-pre6";
			sourceTree = "<group>";
		};
		7F9EC41616B1D30900F6D45C /* Products */ = {
			isa = PBXGroup;
			children = (
				7F9EC6A316B1D30A00F6D45C /* libRestKit.a */,
				7F9EC6A516B1D30A00F6D45C /* RestKitTests.octest */,
				7F9EC6A716B1D30A00F6D45C /* RestKit.framework */,
				7F9EC6A916B1D30A00F6D45C /* RestKitFrameworkTests.octest */,
			);
			name = Products;
			sourceTree = "<group>";
		};
		7F9EC6E816B1E9E700F6D45C /* ManagedObjects */ = {
			isa = PBXGroup;
			children = (
				8434DA8416D37C890087BBFB /* SiteContent.h */,
				8434DA8516D37C890087BBFB /* SiteContent.m */,
				8434DA8716D37C890087BBFB /* SiteInfo.h */,
				8434DA8816D37C890087BBFB /* SiteInfo.m */,
				8434DA8A16D37C890087BBFB /* SavedNews.h */,
				8434DA8B16D37C890087BBFB /* SavedNews.m */,
				8434DA8D16D37C890087BBFB /* FavouriteNewsInfo.h */,
				8434DA8E16D37C890087BBFB /* FavouriteNewsInfo.m */,
			);
			path = ManagedObjects;
			sourceTree = "<group>";
		};
		8414A17E16B02CC900E0041A /* UITableView */ = {
			isa = PBXGroup;
			children = (
				8414A17F16B02CC900E0041A /* UITableViewCells */,
			);
			path = UITableView;
			sourceTree = "<group>";
		};
		8414A17F16B02CC900E0041A /* UITableViewCells */ = {
			isa = PBXGroup;
			children = (
				8414A18016B02CC900E0041A /* RRAllNewsCell */,
			);
			path = UITableViewCells;
			sourceTree = "<group>";
		};
		8414A18016B02CC900E0041A /* RRAllNewsCell */ = {
			isa = PBXGroup;
			children = (
				8414A18116B02CED00E0041A /* RRAllNewsCell.h */,
				8414A18216B02CED00E0041A /* RRAllNewsCell.m */,
			);
			path = RRAllNewsCell;
			sourceTree = "<group>";
		};
		8414B84C16A065FF005C3C70 = {
			isa = PBXGroup;
			children = (
				8414B86116A065FF005C3C70 /* RSSReader */,
				8414B85A16A065FF005C3C70 /* Frameworks */,
				8414B85816A065FF005C3C70 /* Products */,
				7F9EC2E216B1D30900F6D45C /* ThirdParty */,
			);
			sourceTree = "<group>";
		};
		8414B85816A065FF005C3C70 /* Products */ = {
			isa = PBXGroup;
			children = (
				8414B85716A065FF005C3C70 /* RSSReader.app */,
			);
			name = Products;
			sourceTree = "<group>";
		};
		8414B85A16A065FF005C3C70 /* Frameworks */ = {
			isa = PBXGroup;
			children = (
				8457C9A216AD880A0094C164 /* Security.framework */,
				8457C9A016AD87EE0094C164 /* CFNetwork.framework */,
				84F39C8816A5926F00B08475 /* MobileCoreServices.framework */,
				84F39C8616A5926500B08475 /* CoreData.framework */,
				84F39C8416A5925900B08475 /* SystemConfiguration.framework */,
				8414B85B16A065FF005C3C70 /* UIKit.framework */,
				8414B85D16A065FF005C3C70 /* Foundation.framework */,
				8414B85F16A065FF005C3C70 /* CoreGraphics.framework */,
			);
			name = Frameworks;
			sourceTree = "<group>";
		};
		8414B86116A065FF005C3C70 /* RSSReader */ = {
			isa = PBXGroup;
			children = (
				8414B87E16A06668005C3C70 /* Source */,
				8414B86216A065FF005C3C70 /* Supporting Files */,
			);
			path = RSSReader;
			sourceTree = "<group>";
		};
		8414B86216A065FF005C3C70 /* Supporting Files */ = {
			isa = PBXGroup;
			children = (
				8401D24616B9604000FC69EB /* refreshButton.png */,
				84E6EB5416D220D5005AA21F /* path3794.png */,
				8414B87316A065FF005C3C70 /* MainStoryboard.storyboard */,
				844D13DC16AEA3CD00FAF33C /* Model.xcdatamodeld */,
				8414B86316A065FF005C3C70 /* RSSReader-Info.plist */,
				8414B86416A065FF005C3C70 /* InfoPlist.strings */,
				8414B86716A065FF005C3C70 /* main.m */,
				8414B86916A065FF005C3C70 /* RSSReader-Prefix.pch */,
				8414B86D16A065FF005C3C70 /* Default.png */,
				8414B86F16A065FF005C3C70 /* Default@2x.png */,
				8414B87116A065FF005C3C70 /* Default-568h@2x.png */,
			);
			name = "Supporting Files";
			sourceTree = "<group>";
		};
		8414B87E16A06668005C3C70 /* Source */ = {
			isa = PBXGroup;
			children = (
				841975E716A96C9000DBB9E7 /* Support */,
				8414B87F16A06668005C3C70 /* RRAppDelegate */,
				841975D216A96C6000DBB9E7 /* Screens */,
				841975CD16A96C3100DBB9E7 /* Control */,
				841975B316A96BE200DBB9E7 /* Core */,
			);
			path = Source;
			sourceTree = "<group>";
		};
		8414B87F16A06668005C3C70 /* RRAppDelegate */ = {
			isa = PBXGroup;
			children = (
				8414B88016A06668005C3C70 /* RRAppDelegate.h */,
				8414B88116A06668005C3C70 /* RRAppDelegate.m */,
			);
			path = RRAppDelegate;
			sourceTree = "<group>";
		};
		8417118B16B2C7570015698B /* CoreDataSupport */ = {
			isa = PBXGroup;
			children = (
				8417119216B2C7ED0015698B /* RRCoreDataSupport.h */,
				8417119316B2C7ED0015698B /* RRCoreDataSupport.m */,
			);
			path = CoreDataSupport;
			sourceTree = "<group>";
		};
		8417118C16B2C7570015698B /* TableViewCellSupport */ = {
			isa = PBXGroup;
			children = (
				8417119016B2C7B90015698B /* RRTableViewCellSupport.h */,
				8417119116B2C7B90015698B /* RRTableViewCellSupport.m */,
			);
			path = TableViewCellSupport;
			sourceTree = "<group>";
		};
		841975B316A96BE200DBB9E7 /* Core */ = {
			isa = PBXGroup;
			children = (
				844D13E816AEA8CD00FAF33C /* CoreData */,
				841975B416A96BE200DBB9E7 /* ObjectMapping */,
				841975C416A96BE200DBB9E7 /* RRServerGateway */,
			);
			path = Core;
			sourceTree = "<group>";
		};
		841975B416A96BE200DBB9E7 /* ObjectMapping */ = {
			isa = PBXGroup;
			children = (
				841975B516A96BE200DBB9E7 /* RootResponse */,
				841975B816A96BE200DBB9E7 /* RRFeedObjectMapping */,
				841975BB16A96BE200DBB9E7 /* RRNewDetailObjectMapping */,
				841975BE16A96BE200DBB9E7 /* RRSiteInfoObjectMapping */,
			);
			path = ObjectMapping;
			sourceTree = "<group>";
		};
		841975B516A96BE200DBB9E7 /* RootResponse */ = {
			isa = PBXGroup;
			children = (
				841975B616A96BE200DBB9E7 /* RRRootResponseObjectMapping.h */,
				841975B716A96BE200DBB9E7 /* RRRootResponseObjectMapping.m */,
			);
			path = RootResponse;
			sourceTree = "<group>";
		};
		841975B816A96BE200DBB9E7 /* RRFeedObjectMapping */ = {
			isa = PBXGroup;
			children = (
				841975B916A96BE200DBB9E7 /* RRFeedObjectMapping.h */,
				841975BA16A96BE200DBB9E7 /* RRFeedObjectMapping.m */,
			);
			path = RRFeedObjectMapping;
			sourceTree = "<group>";
		};
		841975BB16A96BE200DBB9E7 /* RRNewDetailObjectMapping */ = {
			isa = PBXGroup;
			children = (
				841975BC16A96BE200DBB9E7 /* RRNewDetailObjectMapping.h */,
				841975BD16A96BE200DBB9E7 /* RRNewDetailObjectMapping.m */,
			);
			path = RRNewDetailObjectMapping;
			sourceTree = "<group>";
		};
		841975BE16A96BE200DBB9E7 /* RRSiteInfoObjectMapping */ = {
			isa = PBXGroup;
			children = (
				841975BF16A96BE200DBB9E7 /* RRSiteInfoObjectMapping.h */,
				841975C016A96BE200DBB9E7 /* RRSiteInfoObjectMapping.m */,
			);
			path = RRSiteInfoObjectMapping;
			sourceTree = "<group>";
		};
		841975C416A96BE200DBB9E7 /* RRServerGateway */ = {
			isa = PBXGroup;
			children = (
				841975C516A96BE200DBB9E7 /* RRServerGateway.h */,
				841975C616A96BE200DBB9E7 /* RRServerGateway.m */,
			);
			path = RRServerGateway;
			sourceTree = "<group>";
		};
		841975CD16A96C3100DBB9E7 /* Control */ = {
			isa = PBXGroup;
			children = (
				8414A17E16B02CC900E0041A /* UITableView */,
				841975CE16A96C3100DBB9E7 /* RRAlertViewBlock */,
			);
			path = Control;
			sourceTree = "<group>";
		};
		841975CE16A96C3100DBB9E7 /* RRAlertViewBlock */ = {
			isa = PBXGroup;
			children = (
				841975CF16A96C3100DBB9E7 /* RRAlertViewBlock.h */,
				841975D016A96C3100DBB9E7 /* RRAlertViewBlock.m */,
			);
			path = RRAlertViewBlock;
			sourceTree = "<group>";
		};
		841975D216A96C6000DBB9E7 /* Screens */ = {
			isa = PBXGroup;
			children = (
				8453907416D6338A000B49A8 /* RRSiteSettingsVC */,
				84DEADE616CA4CF100EDBCF1 /* RRWebviewVC */,
				841975D316A96C6000DBB9E7 /* RRAllNews */,
				841975D916A96C6000DBB9E7 /* RRFavouriteNews */,
				841975DC16A96C6000DBB9E7 /* RRSavedNews */,
				841975DF16A96C6000DBB9E7 /* RRSettings */,
			);
			path = Screens;
			sourceTree = "<group>";
		};
		841975D316A96C6000DBB9E7 /* RRAllNews */ = {
			isa = PBXGroup;
			children = (
				841975D416A96C6000DBB9E7 /* RRAllNewsDataSource */,
				841975D716A96C6000DBB9E7 /* RRAllNewsVC.h */,
				841975D816A96C6000DBB9E7 /* RRAllNewsVC.m */,
			);
			path = RRAllNews;
			sourceTree = "<group>";
		};
		841975D416A96C6000DBB9E7 /* RRAllNewsDataSource */ = {
			isa = PBXGroup;
			children = (
				841975D516A96C6000DBB9E7 /* RRAllNewsDataSourceItem.h */,
				841975D616A96C6000DBB9E7 /* RRAllNewsDataSourceItem.m */,
			);
			path = RRAllNewsDataSource;
			sourceTree = "<group>";
		};
		841975D916A96C6000DBB9E7 /* RRFavouriteNews */ = {
			isa = PBXGroup;
			children = (
				841975DA16A96C6000DBB9E7 /* RRFavouriteNewsVC.h */,
				841975DB16A96C6000DBB9E7 /* RRFavouriteNewsVC.m */,
			);
			path = RRFavouriteNews;
			sourceTree = "<group>";
		};
		841975DC16A96C6000DBB9E7 /* RRSavedNews */ = {
			isa = PBXGroup;
			children = (
				841975DD16A96C6000DBB9E7 /* RRSavedNewsVC.h */,
				841975DE16A96C6000DBB9E7 /* RRSavedNewsVC.m */,
			);
			name = RRSavedNews;
			path = RRNotReadNews;
			sourceTree = "<group>";
		};
		841975DF16A96C6000DBB9E7 /* RRSettings */ = {
			isa = PBXGroup;
			children = (
				841975E016A96C6000DBB9E7 /* RRSettingsVC.h */,
				841975E116A96C6000DBB9E7 /* RRSettingsVC.m */,
			);
			path = RRSettings;
			sourceTree = "<group>";
		};
		841975E716A96C9000DBB9E7 /* Support */ = {
			isa = PBXGroup;
			children = (
				841975F216A96D6E00DBB9E7 /* Support.h */,
				8417118B16B2C7570015698B /* CoreDataSupport */,
				8417118C16B2C7570015698B /* TableViewCellSupport */,
			);
			path = Support;
			sourceTree = "<group>";
		};
		844D13E816AEA8CD00FAF33C /* CoreData */ = {
			isa = PBXGroup;
			children = (
				847D905F16AED4600089B055 /* ManagedObjectContextSingleTone */,
				7F9EC6E816B1E9E700F6D45C /* ManagedObjects */,
			);
			path = CoreData;
			sourceTree = "<group>";
		};
		8453907416D6338A000B49A8 /* RRSiteSettingsVC */ = {
			isa = PBXGroup;
			children = (
				8453907516D6352C000B49A8 /* RRSiteSettingsVC.h */,
				8453907616D6352C000B49A8 /* RRSiteSettingsVC.m */,
			);
			path = RRSiteSettingsVC;
			sourceTree = "<group>";
		};
		847D905F16AED4600089B055 /* ManagedObjectContextSingleTone */ = {
			isa = PBXGroup;
			children = (
				847D906016AED48B0089B055 /* RRManagedObjectContext.h */,
				847D906116AED48B0089B055 /* RRManagedObjectContext.m */,
			);
			path = ManagedObjectContextSingleTone;
			sourceTree = "<group>";
		};
		84DEADE616CA4CF100EDBCF1 /* RRWebviewVC */ = {
			isa = PBXGroup;
			children = (
				84DEADE716CA4D1400EDBCF1 /* RRWebViewVC.h */,
				84DEADE816CA4D1400EDBCF1 /* RRWebViewVC.m */,
			);
			path = RRWebviewVC;
			sourceTree = "<group>";
		};
/* End PBXGroup section */

/* Begin PBXNativeTarget section */
		8414B85616A065FF005C3C70 /* RSSReader */ = {
			isa = PBXNativeTarget;
			buildConfigurationList = 8414B87B16A065FF005C3C70 /* Build configuration list for PBXNativeTarget "RSSReader" */;
			buildPhases = (
				8414B85316A065FF005C3C70 /* Sources */,
				8414B85416A065FF005C3C70 /* Frameworks */,
				8414B85516A065FF005C3C70 /* Resources */,
			);
			buildRules = (
			);
			dependencies = (
				7F9EC6CA16B1D32B00F6D45C /* PBXTargetDependency */,
			);
			name = RSSReader;
			productName = RSSReader;
			productReference = 8414B85716A065FF005C3C70 /* RSSReader.app */;
			productType = "com.apple.product-type.application";
		};
/* End PBXNativeTarget section */

/* Begin PBXProject section */
		8414B84E16A065FF005C3C70 /* Project object */ = {
			isa = PBXProject;
			attributes = {
				CLASSPREFIX = RR;
				LastUpgradeCheck = 0450;
				ORGANIZATIONNAME = "Roman Dyadenko";
			};
			buildConfigurationList = 8414B85116A065FF005C3C70 /* Build configuration list for PBXProject "RSSReader" */;
			compatibilityVersion = "Xcode 3.2";
			developmentRegion = English;
			hasScannedForEncodings = 0;
			knownRegions = (
				en,
			);
			mainGroup = 8414B84C16A065FF005C3C70;
			productRefGroup = 8414B85816A065FF005C3C70 /* Products */;
			projectDirPath = "";
			projectReferences = (
				{
					ProductGroup = 7F9EC41616B1D30900F6D45C /* Products */;
					ProjectRef = 7F9EC41516B1D30900F6D45C /* RestKit.xcodeproj */;
				},
			);
			projectRoot = "";
			targets = (
				8414B85616A065FF005C3C70 /* RSSReader */,
			);
		};
/* End PBXProject section */

/* Begin PBXReferenceProxy section */
		7F9EC6A316B1D30A00F6D45C /* libRestKit.a */ = {
			isa = PBXReferenceProxy;
			fileType = archive.ar;
			path = libRestKit.a;
			remoteRef = 7F9EC6A216B1D30A00F6D45C /* PBXContainerItemProxy */;
			sourceTree = BUILT_PRODUCTS_DIR;
		};
		7F9EC6A516B1D30A00F6D45C /* RestKitTests.octest */ = {
			isa = PBXReferenceProxy;
			fileType = wrapper.cfbundle;
			path = RestKitTests.octest;
			remoteRef = 7F9EC6A416B1D30A00F6D45C /* PBXContainerItemProxy */;
			sourceTree = BUILT_PRODUCTS_DIR;
		};
		7F9EC6A716B1D30A00F6D45C /* RestKit.framework */ = {
			isa = PBXReferenceProxy;
			fileType = wrapper.framework;
			path = RestKit.framework;
			remoteRef = 7F9EC6A616B1D30A00F6D45C /* PBXContainerItemProxy */;
			sourceTree = BUILT_PRODUCTS_DIR;
		};
		7F9EC6A916B1D30A00F6D45C /* RestKitFrameworkTests.octest */ = {
			isa = PBXReferenceProxy;
			fileType = wrapper.cfbundle;
			path = RestKitFrameworkTests.octest;
			remoteRef = 7F9EC6A816B1D30A00F6D45C /* PBXContainerItemProxy */;
			sourceTree = BUILT_PRODUCTS_DIR;
		};
/* End PBXReferenceProxy section */

/* Begin PBXResourcesBuildPhase section */
		8414B85516A065FF005C3C70 /* Resources */ = {
			isa = PBXResourcesBuildPhase;
			buildActionMask = 2147483647;
			files = (
				8414B86616A065FF005C3C70 /* InfoPlist.strings in Resources */,
				8414B86E16A065FF005C3C70 /* Default.png in Resources */,
				8414B87016A065FF005C3C70 /* Default@2x.png in Resources */,
				8414B87216A065FF005C3C70 /* Default-568h@2x.png in Resources */,
				8414B87516A065FF005C3C70 /* MainStoryboard.storyboard in Resources */,
				8401D24716B9604000FC69EB /* refreshButton.png in Resources */,
				84E6EB5516D220D5005AA21F /* path3794.png in Resources */,
			);
			runOnlyForDeploymentPostprocessing = 0;
		};
/* End PBXResourcesBuildPhase section */

/* Begin PBXSourcesBuildPhase section */
		8414B85316A065FF005C3C70 /* Sources */ = {
			isa = PBXSourcesBuildPhase;
			buildActionMask = 2147483647;
			files = (
				8414B86816A065FF005C3C70 /* main.m in Sources */,
				8414B88216A06668005C3C70 /* RRAppDelegate.m in Sources */,
				841975C716A96BE200DBB9E7 /* RRRootResponseObjectMapping.m in Sources */,
				841975C816A96BE200DBB9E7 /* RRFeedObjectMapping.m in Sources */,
				841975C916A96BE200DBB9E7 /* RRNewDetailObjectMapping.m in Sources */,
				841975CA16A96BE200DBB9E7 /* RRSiteInfoObjectMapping.m in Sources */,
				841975CC16A96BE200DBB9E7 /* RRServerGateway.m in Sources */,
				841975D116A96C3100DBB9E7 /* RRAlertViewBlock.m in Sources */,
				841975E216A96C6000DBB9E7 /* RRAllNewsDataSourceItem.m in Sources */,
				841975E316A96C6000DBB9E7 /* RRAllNewsVC.m in Sources */,
				841975E416A96C6000DBB9E7 /* RRFavouriteNewsVC.m in Sources */,
				841975E516A96C6000DBB9E7 /* RRSavedNewsVC.m in Sources */,
				841975E616A96C6000DBB9E7 /* RRSettingsVC.m in Sources */,
				844D13DE16AEA3CD00FAF33C /* Model.xcdatamodeld in Sources */,
				847D906216AED48B0089B055 /* RRManagedObjectContext.m in Sources */,
				8414A18316B02CED00E0041A /* RRAllNewsCell.m in Sources */,
				8417119416B2C7ED0015698B /* RRCoreDataSupport.m in Sources */,
				84C4B8BB16B2CE6500B4A645 /* RRTableViewCellSupport.m in Sources */,
				84DEADE916CA4D1400EDBCF1 /* RRWebViewVC.m in Sources */,
				8434DA8616D37C890087BBFB /* SiteContent.m in Sources */,
				8434DA8916D37C890087BBFB /* SiteInfo.m in Sources */,
				8434DA8C16D37C890087BBFB /* SavedNews.m in Sources */,
				8434DA8F16D37C890087BBFB /* FavouriteNewsInfo.m in Sources */,
				8453907716D6352C000B49A8 /* RRSiteSettingsVC.m in Sources */,
			);
			runOnlyForDeploymentPostprocessing = 0;
		};
/* End PBXSourcesBuildPhase section */

/* Begin PBXTargetDependency section */
		7F9EC6CA16B1D32B00F6D45C /* PBXTargetDependency */ = {
			isa = PBXTargetDependency;
			name = RestKit;
			targetProxy = 7F9EC6C916B1D32B00F6D45C /* PBXContainerItemProxy */;
		};
/* End PBXTargetDependency section */

/* Begin PBXVariantGroup section */
		8414B86416A065FF005C3C70 /* InfoPlist.strings */ = {
			isa = PBXVariantGroup;
			children = (
				8414B86516A065FF005C3C70 /* en */,
			);
			name = InfoPlist.strings;
			sourceTree = "<group>";
		};
		8414B87316A065FF005C3C70 /* MainStoryboard.storyboard */ = {
			isa = PBXVariantGroup;
			children = (
				8414B87416A065FF005C3C70 /* en */,
			);
			name = MainStoryboard.storyboard;
			sourceTree = "<group>";
		};
/* End PBXVariantGroup section */

/* Begin XCBuildConfiguration section */
		8414B87916A065FF005C3C70 /* Debug */ = {
			isa = XCBuildConfiguration;
			buildSettings = {
				ALWAYS_SEARCH_USER_PATHS = NO;
				CLANG_CXX_LANGUAGE_STANDARD = "gnu++0x";
				CLANG_CXX_LIBRARY = "libc++";
				CLANG_ENABLE_OBJC_ARC = YES;
				CLANG_WARN_EMPTY_BODY = YES;
				CLANG_WARN__DUPLICATE_METHOD_MATCH = YES;
				"CODE_SIGN_IDENTITY[sdk=iphoneos*]" = "iPhone Developer";
				COPY_PHASE_STRIP = NO;
				GCC_C_LANGUAGE_STANDARD = gnu99;
				GCC_DYNAMIC_NO_PIC = NO;
				GCC_OPTIMIZATION_LEVEL = 0;
				GCC_PREPROCESSOR_DEFINITIONS = (
					"DEBUG=1",
					"$(inherited)",
				);
				GCC_SYMBOLS_PRIVATE_EXTERN = NO;
				GCC_WARN_ABOUT_RETURN_TYPE = YES;
				GCC_WARN_UNINITIALIZED_AUTOS = YES;
				GCC_WARN_UNUSED_VARIABLE = YES;
				HEADER_SEARCH_PATHS = "\"$(BUILT_PRODUCTS_DIR)/../../Headers\"";
				IPHONEOS_DEPLOYMENT_TARGET = 5.0;
				OTHER_LDFLAGS = (
					"-all_load",
					"-ObjC",
				);
				SDKROOT = iphoneos;
			};
			name = Debug;
		};
		8414B87A16A065FF005C3C70 /* Release */ = {
			isa = XCBuildConfiguration;
			buildSettings = {
				ALWAYS_SEARCH_USER_PATHS = NO;
				CLANG_CXX_LANGUAGE_STANDARD = "gnu++0x";
				CLANG_CXX_LIBRARY = "libc++";
				CLANG_ENABLE_OBJC_ARC = YES;
				CLANG_WARN_EMPTY_BODY = YES;
				CLANG_WARN__DUPLICATE_METHOD_MATCH = YES;
				"CODE_SIGN_IDENTITY[sdk=iphoneos*]" = "iPhone Developer";
				COPY_PHASE_STRIP = YES;
				GCC_C_LANGUAGE_STANDARD = gnu99;
				GCC_WARN_ABOUT_RETURN_TYPE = YES;
				GCC_WARN_UNINITIALIZED_AUTOS = YES;
				GCC_WARN_UNUSED_VARIABLE = YES;
				HEADER_SEARCH_PATHS = "\"$(BUILT_PRODUCTS_DIR)/../../Headers\"";
				IPHONEOS_DEPLOYMENT_TARGET = 5.0;
				OTHER_CFLAGS = "-DNS_BLOCK_ASSERTIONS=1";
				OTHER_LDFLAGS = (
					"-all_load",
					"-ObjC",
				);
				SDKROOT = iphoneos;
				VALIDATE_PRODUCT = YES;
			};
			name = Release;
		};
		8414B87C16A065FF005C3C70 /* Debug */ = {
			isa = XCBuildConfiguration;
			buildSettings = {
				GCC_PRECOMPILE_PREFIX_HEADER = YES;
				GCC_PREFIX_HEADER = "RSSReader/RSSReader-Prefix.pch";
				INFOPLIST_FILE = "RSSReader/RSSReader-Info.plist";
				OTHER_LDFLAGS = (
					"-ObjC",
					"-all_load",
				);
				PRODUCT_NAME = "$(TARGET_NAME)";
				WRAPPER_EXTENSION = app;
			};
			name = Debug;
		};
		8414B87D16A065FF005C3C70 /* Release */ = {
			isa = XCBuildConfiguration;
			buildSettings = {
				GCC_PRECOMPILE_PREFIX_HEADER = YES;
				GCC_PREFIX_HEADER = "RSSReader/RSSReader-Prefix.pch";
				INFOPLIST_FILE = "RSSReader/RSSReader-Info.plist";
				OTHER_LDFLAGS = (
					"-ObjC",
					"-all_load",
				);
				PRODUCT_NAME = "$(TARGET_NAME)";
				WRAPPER_EXTENSION = app;
			};
			name = Release;
		};
/* End XCBuildConfiguration section */

/* Begin XCConfigurationList section */
		8414B85116A065FF005C3C70 /* Build configuration list for PBXProject "RSSReader" */ = {
			isa = XCConfigurationList;
			buildConfigurations = (
				8414B87916A065FF005C3C70 /* Debug */,
				8414B87A16A065FF005C3C70 /* Release */,
			);
			defaultConfigurationIsVisible = 0;
			defaultConfigurationName = Release;
		};
		8414B87B16A065FF005C3C70 /* Build configuration list for PBXNativeTarget "RSSReader" */ = {
			isa = XCConfigurationList;
			buildConfigurations = (
				8414B87C16A065FF005C3C70 /* Debug */,
				8414B87D16A065FF005C3C70 /* Release */,
			);
			defaultConfigurationIsVisible = 0;
			defaultConfigurationName = Release;
		};
/* End XCConfigurationList section */

/* Begin XCVersionGroup section */
		844D13DC16AEA3CD00FAF33C /* Model.xcdatamodeld */ = {
			isa = XCVersionGroup;
			children = (
				844D13DD16AEA3CD00FAF33C /* Model.xcdatamodel */,
			);
			currentVersion = 844D13DD16AEA3CD00FAF33C /* Model.xcdatamodel */;
			path = Model.xcdatamodeld;
			sourceTree = "<group>";
			versionGroupType = wrapper.xcdatamodel;
		};
/* End XCVersionGroup section */
	};
	rootObject = 8414B84E16A065FF005C3C70 /* Project object */;
}
